// !$*UTF8*$!
{
	archiveVersion = 1;
	classes = {
	};
	objectVersion = 51;
	objects = {

/* Begin PBXBuildFile section */
		1A08D9FA28B1164400A022D2 /* CatCell.swift in Sources */ = {isa = PBXBuildFile; fileRef = 1A08D9F928B1164400A022D2 /* CatCell.swift */; };
		1A09DF8C28AD00310000B60A /* CatCollection.swift in Sources */ = {isa = PBXBuildFile; fileRef = 1A09DF8B28AD00310000B60A /* CatCollection.swift */; };
		1A15FEFB289A88FD00A87729 /* constants.swift in Sources */ = {isa = PBXBuildFile; fileRef = 1A15FEFA289A88FD00A87729 /* constants.swift */; };
		1A1735A928A5344100C7C650 /* collectinrefrenses.swift in Sources */ = {isa = PBXBuildFile; fileRef = 1A1735A828A5344100C7C650 /* collectinrefrenses.swift */; };
		1A17A1B92896475100DAB919 /* AppDelegate.swift in Sources */ = {isa = PBXBuildFile; fileRef = 1A17A1B82896475100DAB919 /* AppDelegate.swift */; };
		1A17A1BB2896475100DAB919 /* SceneDelegate.swift in Sources */ = {isa = PBXBuildFile; fileRef = 1A17A1BA2896475100DAB919 /* SceneDelegate.swift */; };
		1A17A1BD2896475100DAB919 /* ViewController.swift in Sources */ = {isa = PBXBuildFile; fileRef = 1A17A1BC2896475100DAB919 /* ViewController.swift */; };
		1A17A1C02896475100DAB919 /* Main.storyboard in Resources */ = {isa = PBXBuildFile; fileRef = 1A17A1BE2896475100DAB919 /* Main.storyboard */; };
		1A17A1C22896475E00DAB919 /* Assets.xcassets in Resources */ = {isa = PBXBuildFile; fileRef = 1A17A1C12896475E00DAB919 /* Assets.xcassets */; };
		1A17A1C52896475E00DAB919 /* LaunchScreen.storyboard in Resources */ = {isa = PBXBuildFile; fileRef = 1A17A1C32896475E00DAB919 /* LaunchScreen.storyboard */; };
		1A17A1CE2896479600DAB919 /* loginViewController.swift in Sources */ = {isa = PBXBuildFile; fileRef = 1A17A1CD2896479600DAB919 /* loginViewController.swift */; };
		1A17A1D1289647A900DAB919 /* signupViewController.swift in Sources */ = {isa = PBXBuildFile; fileRef = 1A17A1D0289647A900DAB919 /* signupViewController.swift */; };
		1A17A1DA289667B400DAB919 /* Utilities.swift in Sources */ = {isa = PBXBuildFile; fileRef = 1A17A1D9289667B400DAB919 /* Utilities.swift */; };
		1A17A1DF2896736300DAB919 /* GoogleService-Info.plist in Resources */ = {isa = PBXBuildFile; fileRef = 1A17A1DE2896736300DAB919 /* GoogleService-Info.plist */; };
		1AA50A8D28A3DEEC007744F9 /* File.swift in Sources */ = {isa = PBXBuildFile; fileRef = 1AA50A8C28A3DEEC007744F9 /* File.swift */; };
		F6F80F0DC10BE0C8F2F491B7 /* Pods_loginPage.framework in Frameworks */ = {isa = PBXBuildFile; fileRef = 5F929F35D1006A22769EAF99 /* Pods_loginPage.framework */; };
/* End PBXBuildFile section */

/* Begin PBXFileReference section */
		18B9ED823FB88DD1684AFB3D /* Pods-loginPage.debug.xcconfig */ = {isa = PBXFileReference; includeInIndex = 1; lastKnownFileType = text.xcconfig; name = "Pods-loginPage.debug.xcconfig"; path = "Target Support Files/Pods-loginPage/Pods-loginPage.debug.xcconfig"; sourceTree = "<group>"; };
		1A08D9F928B1164400A022D2 /* CatCell.swift */ = {isa = PBXFileReference; lastKnownFileType = sourcecode.swift; path = CatCell.swift; sourceTree = "<group>"; };
		1A09DF8B28AD00310000B60A /* CatCollection.swift */ = {isa = PBXFileReference; lastKnownFileType = sourcecode.swift; path = CatCollection.swift; sourceTree = "<group>"; };
		1A15FEFA289A88FD00A87729 /* constants.swift */ = {isa = PBXFileReference; lastKnownFileType = sourcecode.swift; path = constants.swift; sourceTree = "<group>"; };
		1A1735A828A5344100C7C650 /* collectinrefrenses.swift */ = {isa = PBXFileReference; lastKnownFileType = sourcecode.swift; path = collectinrefrenses.swift; sourceTree = "<group>"; };
		1A17A1B52896475100DAB919 /* loginPage.app */ = {isa = PBXFileReference; explicitFileType = wrapper.application; includeInIndex = 0; path = loginPage.app; sourceTree = BUILT_PRODUCTS_DIR; };
		1A17A1B82896475100DAB919 /* AppDelegate.swift */ = {isa = PBXFileReference; lastKnownFileType = sourcecode.swift; path = AppDelegate.swift; sourceTree = "<group>"; };
		1A17A1BA2896475100DAB919 /* SceneDelegate.swift */ = {isa = PBXFileReference; lastKnownFileType = sourcecode.swift; path = SceneDelegate.swift; sourceTree = "<group>"; };
		1A17A1BC2896475100DAB919 /* ViewController.swift */ = {isa = PBXFileReference; lastKnownFileType = sourcecode.swift; path = ViewController.swift; sourceTree = "<group>"; };
		1A17A1BF2896475100DAB919 /* Base */ = {isa = PBXFileReference; lastKnownFileType = file.storyboard; name = Base; path = Base.lproj/Main.storyboard; sourceTree = "<group>"; };
		1A17A1C12896475E00DAB919 /* Assets.xcassets */ = {isa = PBXFileReference; lastKnownFileType = folder.assetcatalog; path = Assets.xcassets; sourceTree = "<group>"; };
		1A17A1C42896475E00DAB919 /* Base */ = {isa = PBXFileReference; lastKnownFileType = file.storyboard; name = Base; path = Base.lproj/LaunchScreen.storyboard; sourceTree = "<group>"; };
		1A17A1C62896475E00DAB919 /* Info.plist */ = {isa = PBXFileReference; lastKnownFileType = text.plist.xml; path = Info.plist; sourceTree = "<group>"; };
		1A17A1CD2896479600DAB919 /* loginViewController.swift */ = {isa = PBXFileReference; lastKnownFileType = sourcecode.swift; path = loginViewController.swift; sourceTree = "<group>"; };
		1A17A1D0289647A900DAB919 /* signupViewController.swift */ = {isa = PBXFileReference; lastKnownFileType = sourcecode.swift; path = signupViewController.swift; sourceTree = "<group>"; };
		1A17A1D9289667B400DAB919 /* Utilities.swift */ = {isa = PBXFileReference; fileEncoding = 4; lastKnownFileType = sourcecode.swift; path = Utilities.swift; sourceTree = "<group>"; };
		1A17A1DE2896736300DAB919 /* GoogleService-Info.plist */ = {isa = PBXFileReference; fileEncoding = 4; lastKnownFileType = text.plist.xml; path = "GoogleService-Info.plist"; sourceTree = "<group>"; };
		1AA50A8C28A3DEEC007744F9 /* File.swift */ = {isa = PBXFileReference; lastKnownFileType = sourcecode.swift; path = File.swift; sourceTree = "<group>"; };
		590FD59B14944C31C2C4ACDD /* Pods-loginPage.release.xcconfig */ = {isa = PBXFileReference; includeInIndex = 1; lastKnownFileType = text.xcconfig; name = "Pods-loginPage.release.xcconfig"; path = "Target Support Files/Pods-loginPage/Pods-loginPage.release.xcconfig"; sourceTree = "<group>"; };
		5F929F35D1006A22769EAF99 /* Pods_loginPage.framework */ = {isa = PBXFileReference; explicitFileType = wrapper.framework; includeInIndex = 0; path = Pods_loginPage.framework; sourceTree = BUILT_PRODUCTS_DIR; };
/* End PBXFileReference section */

/* Begin PBXFrameworksBuildPhase section */
		1A17A1B22896475100DAB919 /* Frameworks */ = {
			isa = PBXFrameworksBuildPhase;
			buildActionMask = 2147483647;
			files = (
				F6F80F0DC10BE0C8F2F491B7 /* Pods_loginPage.framework in Frameworks */,
			);
			runOnlyForDeploymentPostprocessing = 0;
		};
/* End PBXFrameworksBuildPhase section */

/* Begin PBXGroup section */
		1A06B96728A244B800D3B5E7 /* homePage */ = {
			isa = PBXGroup;
			children = (
				1A09DF8B28AD00310000B60A /* CatCollection.swift */,
				1A08D9F928B1164400A022D2 /* CatCell.swift */,
			);
			path = homePage;
			sourceTree = "<group>";
		};
		1A17A1AC2896475100DAB919 = {
			isa = PBXGroup;
			children = (
				1A17A1B72896475100DAB919 /* loginPage */,
				1A17A1B62896475100DAB919 /* Products */,
				AAB5E427ABB293B006949163 /* Pods */,
				343524A2E8AD295BD27EA1BD /* Frameworks */,
			);
			sourceTree = "<group>";
		};
		1A17A1B62896475100DAB919 /* Products */ = {
			isa = PBXGroup;
			children = (
				1A17A1B52896475100DAB919 /* loginPage.app */,
			);
			name = Products;
			sourceTree = "<group>";
		};
		1A17A1B72896475100DAB919 /* loginPage */ = {
			isa = PBXGroup;
			children = (
				1AA50A8B28A3DED7007744F9 /* model */,
				1A17A1DC289667DC00DAB919 /* Helpers */,
				1A17A1D6289647BE00DAB919 /* viewcontrollers */,
				1A17A1B82896475100DAB919 /* AppDelegate.swift */,
				1A17A1BA2896475100DAB919 /* SceneDelegate.swift */,
				1A17A1BE2896475100DAB919 /* Main.storyboard */,
				1A17A1C32896475E00DAB919 /* LaunchScreen.storyboard */,
				1A17A1C12896475E00DAB919 /* Assets.xcassets */,
				1A17A1DE2896736300DAB919 /* GoogleService-Info.plist */,
				1A17A1C62896475E00DAB919 /* Info.plist */,
			);
			path = loginPage;
			sourceTree = "<group>";
		};
		1A17A1D6289647BE00DAB919 /* viewcontrollers */ = {
			isa = PBXGroup;
			children = (
				1A06B96728A244B800D3B5E7 /* homePage */,
				1A17A1D0289647A900DAB919 /* signupViewController.swift */,
				1A17A1CD2896479600DAB919 /* loginViewController.swift */,
				1A17A1BC2896475100DAB919 /* ViewController.swift */,
			);
			path = viewcontrollers;
			sourceTree = "<group>";
		};
		1A17A1DC289667DC00DAB919 /* Helpers */ = {
			isa = PBXGroup;
			children = (
				1A1735A828A5344100C7C650 /* collectinrefrenses.swift */,
				1A15FEFA289A88FD00A87729 /* constants.swift */,
				1A17A1D9289667B400DAB919 /* Utilities.swift */,
			);
			path = Helpers;
			sourceTree = "<group>";
		};
		1AA50A8B28A3DED7007744F9 /* model */ = {
			isa = PBXGroup;
			children = (
				1AA50A8C28A3DEEC007744F9 /* File.swift */,
			);
			path = model;
			sourceTree = "<group>";
		};
		343524A2E8AD295BD27EA1BD /* Frameworks */ = {
			isa = PBXGroup;
			children = (
				5F929F35D1006A22769EAF99 /* Pods_loginPage.framework */,
			);
			name = Frameworks;
			sourceTree = "<group>";
		};
		AAB5E427ABB293B006949163 /* Pods */ = {
			isa = PBXGroup;
			children = (
				18B9ED823FB88DD1684AFB3D /* Pods-loginPage.debug.xcconfig */,
				590FD59B14944C31C2C4ACDD /* Pods-loginPage.release.xcconfig */,
			);
			path = Pods;
			sourceTree = "<group>";
		};
/* End PBXGroup section */

/* Begin PBXNativeTarget section */
		1A17A1B42896475100DAB919 /* loginPage */ = {
			isa = PBXNativeTarget;
			buildConfigurationList = 1A17A1C92896475E00DAB919 /* Build configuration list for PBXNativeTarget "loginPage" */;
			buildPhases = (
				F098F31E8306427A3C22A1CB /* [CP] Check Pods Manifest.lock */,
				1A17A1B12896475100DAB919 /* Sources */,
				1A17A1B22896475100DAB919 /* Frameworks */,
				1A17A1B32896475100DAB919 /* Resources */,
				643CF6A9FA5C14B6ABE2F111 /* [CP] Embed Pods Frameworks */,
			);
			buildRules = (
			);
			dependencies = (
			);
			name = loginPage;
			productName = loginPage;
			productReference = 1A17A1B52896475100DAB919 /* loginPage.app */;
			productType = "com.apple.product-type.application";
		};
/* End PBXNativeTarget section */

/* Begin PBXProject section */
		1A17A1AD2896475100DAB919 /* Project object */ = {
			isa = PBXProject;
			attributes = {
				LastSwiftUpdateCheck = 1240;
				LastUpgradeCheck = 1240;
				TargetAttributes = {
					1A17A1B42896475100DAB919 = {
						CreatedOnToolsVersion = 12.4;
					};
				};
			};
			buildConfigurationList = 1A17A1B02896475100DAB919 /* Build configuration list for PBXProject "loginPage" */;
			compatibilityVersion = "Xcode 9.3";
			developmentRegion = en;
			hasScannedForEncodings = 0;
			knownRegions = (
				en,
				Base,
			);
			mainGroup = 1A17A1AC2896475100DAB919;
			productRefGroup = 1A17A1B62896475100DAB919 /* Products */;
			projectDirPath = "";
			projectRoot = "";
			targets = (
				1A17A1B42896475100DAB919 /* loginPage */,
			);
		};
/* End PBXProject section */

/* Begin PBXResourcesBuildPhase section */
		1A17A1B32896475100DAB919 /* Resources */ = {
			isa = PBXResourcesBuildPhase;
			buildActionMask = 2147483647;
			files = (
				1A17A1DF2896736300DAB919 /* GoogleService-Info.plist in Resources */,
				1A17A1C52896475E00DAB919 /* LaunchScreen.storyboard in Resources */,
				1A17A1C22896475E00DAB919 /* Assets.xcassets in Resources */,
				1A17A1C02896475100DAB919 /* Main.storyboard in Resources */,
			);
			runOnlyForDeploymentPostprocessing = 0;
		};
/* End PBXResourcesBuildPhase section */

/* Begin PBXShellScriptBuildPhase section */
		643CF6A9FA5C14B6ABE2F111 /* [CP] Embed Pods Frameworks */ = {
			isa = PBXShellScriptBuildPhase;
			buildActionMask = 2147483647;
			files = (
			);
			inputFileListPaths = (
				"${PODS_ROOT}/Target Support Files/Pods-loginPage/Pods-loginPage-frameworks-${CONFIGURATION}-input-files.xcfilelist",
			);
			name = "[CP] Embed Pods Frameworks";
			outputFileListPaths = (
				"${PODS_ROOT}/Target Support Files/Pods-loginPage/Pods-loginPage-frameworks-${CONFIGURATION}-output-files.xcfilelist",
			);
			runOnlyForDeploymentPostprocessing = 0;
			shellPath = /bin/sh;
			shellScript = "\"${PODS_ROOT}/Target Support Files/Pods-loginPage/Pods-loginPage-frameworks.sh\"\n";
			showEnvVarsInLog = 0;
		};
		F098F31E8306427A3C22A1CB /* [CP] Check Pods Manifest.lock */ = {
			isa = PBXShellScriptBuildPhase;
			buildActionMask = 2147483647;
			files = (
			);
			inputFileListPaths = (
			);
			inputPaths = (
				"${PODS_PODFILE_DIR_PATH}/Podfile.lock",
				"${PODS_ROOT}/Manifest.lock",
			);
			name = "[CP] Check Pods Manifest.lock";
			outputFileListPaths = (
			);
			outputPaths = (
				"$(DERIVED_FILE_DIR)/Pods-loginPage-checkManifestLockResult.txt",
			);
			runOnlyForDeploymentPostprocessing = 0;
			shellPath = /bin/sh;
			shellScript = "diff \"${PODS_PODFILE_DIR_PATH}/Podfile.lock\" \"${PODS_ROOT}/Manifest.lock\" > /dev/null\nif [ $? != 0 ] ; then\n    # print error to STDERR\n    echo \"error: The sandbox is not in sync with the Podfile.lock. Run 'pod install' or update your CocoaPods installation.\" >&2\n    exit 1\nfi\n# This output is used by Xcode 'outputs' to avoid re-running this script phase.\necho \"SUCCESS\" > \"${SCRIPT_OUTPUT_FILE_0}\"\n";
			showEnvVarsInLog = 0;
		};
/* End PBXShellScriptBuildPhase section */

/* Begin PBXSourcesBuildPhase section */
		1A17A1B12896475100DAB919 /* Sources */ = {
			isa = PBXSourcesBuildPhase;
			buildActionMask = 2147483647;
			files = (
				1A17A1CE2896479600DAB919 /* loginViewController.swift in Sources */,
				1A17A1DA289667B400DAB919 /* Utilities.swift in Sources */,
				1A17A1BD2896475100DAB919 /* ViewController.swift in Sources */,
				1A17A1D1289647A900DAB919 /* signupViewController.swift in Sources */,
				1A09DF8C28AD00310000B60A /* CatCollection.swift in Sources */,
				1A17A1B92896475100DAB919 /* AppDelegate.swift in Sources */,
				1A08D9FA28B1164400A022D2 /* CatCell.swift in Sources */,
				1A17A1BB2896475100DAB919 /* SceneDelegate.swift in Sources */,
				1A1735A928A5344100C7C650 /* collectinrefrenses.swift in Sources */,
				1AA50A8D28A3DEEC007744F9 /* File.swift in Sources */,
				1A15FEFB289A88FD00A87729 /* constants.swift in Sources */,
			);
			runOnlyForDeploymentPostprocessing = 0;
		};
/* End PBXSourcesBuildPhase section */

/* Begin PBXVariantGroup section */
		1A17A1BE2896475100DAB919 /* Main.storyboard */ = {
			isa = PBXVariantGroup;
			children = (
				1A17A1BF2896475100DAB919 /* Base */,
			);
			name = Main.storyboard;
			sourceTree = "<group>";
		};
		1A17A1C32896475E00DAB919 /* LaunchScreen.storyboard */ = {
			isa = PBXVariantGroup;
			children = (
				1A17A1C42896475E00DAB919 /* Base */,
			);
			name = LaunchScreen.storyboard;
			sourceTree = "<group>";
		};
/* End PBXVariantGroup section */

/* Begin XCBuildConfiguration section */
		1A17A1C72896475E00DAB919 /* Debug */ = {
			isa = XCBuildConfiguration;
			buildSettings = {
				ALWAYS_SEARCH_USER_PATHS = NO;
				CLANG_ANALYZER_NONNULL = YES;
				CLANG_ANALYZER_NUMBER_OBJECT_CONVERSION = YES_AGGRESSIVE;
				CLANG_CXX_LANGUAGE_STANDARD = "gnu++14";
				CLANG_CXX_LIBRARY = "libc++";
				CLANG_ENABLE_MODULES = YES;
				CLANG_ENABLE_OBJC_ARC = YES;
				CLANG_ENABLE_OBJC_WEAK = YES;
				CLANG_WARN_BLOCK_CAPTURE_AUTORELEASING = YES;
				CLANG_WARN_BOOL_CONVERSION = YES;
				CLANG_WARN_COMMA = YES;
				CLANG_WARN_CONSTANT_CONVERSION = YES;
				CLANG_WARN_DEPRECATED_OBJC_IMPLEMENTATIONS = YES;
				CLANG_WARN_DIRECT_OBJC_ISA_USAGE = YES_ERROR;
				CLANG_WARN_DOCUMENTATION_COMMENTS = YES;
				CLANG_WARN_EMPTY_BODY = YES;
				CLANG_WARN_ENUM_CONVERSION = YES;
				CLANG_WARN_INFINITE_RECURSION = YES;
				CLANG_WARN_INT_CONVERSION = YES;
				CLANG_WARN_NON_LITERAL_NULL_CONVERSION = YES;
				CLANG_WARN_OBJC_IMPLICIT_RETAIN_SELF = YES;
				CLANG_WARN_OBJC_LITERAL_CONVERSION = YES;
				CLANG_WARN_OBJC_ROOT_CLASS = YES_ERROR;
				CLANG_WARN_QUOTED_INCLUDE_IN_FRAMEWORK_HEADER = YES;
				CLANG_WARN_RANGE_LOOP_ANALYSIS = YES;
				CLANG_WARN_STRICT_PROTOTYPES = YES;
				CLANG_WARN_SUSPICIOUS_MOVE = YES;
				CLANG_WARN_UNGUARDED_AVAILABILITY = YES_AGGRESSIVE;
				CLANG_WARN_UNREACHABLE_CODE = YES;
				CLANG_WARN__DUPLICATE_METHOD_MATCH = YES;
				COPY_PHASE_STRIP = NO;
				DEBUG_INFORMATION_FORMAT = dwarf;
				ENABLE_STRICT_OBJC_MSGSEND = YES;
				ENABLE_TESTABILITY = YES;
				GCC_C_LANGUAGE_STANDARD = gnu11;
				GCC_DYNAMIC_NO_PIC = NO;
				GCC_NO_COMMON_BLOCKS = YES;
				GCC_OPTIMIZATION_LEVEL = 0;
				GCC_PREPROCESSOR_DEFINITIONS = (
					"DEBUG=1",
					"$(inherited)",
				);
				GCC_WARN_64_TO_32_BIT_CONVERSION = YES;
				GCC_WARN_ABOUT_RETURN_TYPE = YES_ERROR;
				GCC_WARN_UNDECLARED_SELECTOR = YES;
				GCC_WARN_UNINITIALIZED_AUTOS = YES_AGGRESSIVE;
				GCC_WARN_UNUSED_FUNCTION = YES;
				GCC_WARN_UNUSED_VARIABLE = YES;
				IPHONEOS_DEPLOYMENT_TARGET = 14.4;
				MTL_ENABLE_DEBUG_INFO = INCLUDE_SOURCE;
				MTL_FAST_MATH = YES;
				ONLY_ACTIVE_ARCH = YES;
				SDKROOT = iphoneos;
				SWIFT_ACTIVE_COMPILATION_CONDITIONS = DEBUG;
				SWIFT_OPTIMIZATION_LEVEL = "-Onone";
			};
			name = Debug;
		};
		1A17A1C82896475E00DAB919 /* Release */ = {
			isa = XCBuildConfiguration;
			buildSettings = {
				ALWAYS_SEARCH_USER_PATHS = NO;
				CLANG_ANALYZER_NONNULL = YES;
				CLANG_ANALYZER_NUMBER_OBJECT_CONVERSION = YES_AGGRESSIVE;
				CLANG_CXX_LANGUAGE_STANDARD = "gnu++14";
				CLANG_CXX_LIBRARY = "libc++";
				CLANG_ENABLE_MODULES = YES;
				CLANG_ENABLE_OBJC_ARC = YES;
				CLANG_ENABLE_OBJC_WEAK = YES;
				CLANG_WARN_BLOCK_CAPTURE_AUTORELEASING = YES;
				CLANG_WARN_BOOL_CONVERSION = YES;
				CLANG_WARN_COMMA = YES;
				CLANG_WARN_CONSTANT_CONVERSION = YES;
				CLANG_WARN_DEPRECATED_OBJC_IMPLEMENTATIONS = YES;
				CLANG_WARN_DIRECT_OBJC_ISA_USAGE = YES_ERROR;
				CLANG_WARN_DOCUMENTATION_COMMENTS = YES;
				CLANG_WARN_EMPTY_BODY = YES;
				CLANG_WARN_ENUM_CONVERSION = YES;
				CLANG_WARN_INFINITE_RECURSION = YES;
				CLANG_WARN_INT_CONVERSION = YES;
				CLANG_WARN_NON_LITERAL_NULL_CONVERSION = YES;
				CLANG_WARN_OBJC_IMPLICIT_RETAIN_SELF = YES;
				CLANG_WARN_OBJC_LITERAL_CONVERSION = YES;
				CLANG_WARN_OBJC_ROOT_CLASS = YES_ERROR;
				CLANG_WARN_QUOTED_INCLUDE_IN_FRAMEWORK_HEADER = YES;
				CLANG_WARN_RANGE_LOOP_ANALYSIS = YES;
				CLANG_WARN_STRICT_PROTOTYPES = YES;
				CLANG_WARN_SUSPICIOUS_MOVE = YES;
				CLANG_WARN_UNGUARDED_AVAILABILITY = YES_AGGRESSIVE;
				CLANG_WARN_UNREACHABLE_CODE = YES;
				CLANG_WARN__DUPLICATE_METHOD_MATCH = YES;
				COPY_PHASE_STRIP = NO;
				DEBUG_INFORMATION_FORMAT = "dwarf-with-dsym";
				ENABLE_NS_ASSERTIONS = NO;
				ENABLE_STRICT_OBJC_MSGSEND = YES;
				GCC_C_LANGUAGE_STANDARD = gnu11;
				GCC_NO_COMMON_BLOCKS = YES;
				GCC_WARN_64_TO_32_BIT_CONVERSION = YES;
				GCC_WARN_ABOUT_RETURN_TYPE = YES_ERROR;
				GCC_WARN_UNDECLARED_SELECTOR = YES;
				GCC_WARN_UNINITIALIZED_AUTOS = YES_AGGRESSIVE;
				GCC_WARN_UNUSED_FUNCTION = YES;
				GCC_WARN_UNUSED_VARIABLE = YES;
				IPHONEOS_DEPLOYMENT_TARGET = 14.4;
				MTL_ENABLE_DEBUG_INFO = NO;
				MTL_FAST_MATH = YES;
				SDKROOT = iphoneos;
				SWIFT_COMPILATION_MODE = wholemodule;
				SWIFT_OPTIMIZATION_LEVEL = "-O";
				VALIDATE_PRODUCT = YES;
			};
			name = Release;
		};
		1A17A1CA2896475E00DAB919 /* Debug */ = {
			isa = XCBuildConfiguration;
			baseConfigurationReference = 18B9ED823FB88DD1684AFB3D /* Pods-loginPage.debug.xcconfig */;
			buildSettings = {
				ASSETCATALOG_COMPILER_APPICON_NAME = clothes;
				ASSETCATALOG_COMPILER_GLOBAL_ACCENT_COLOR_NAME = AccentColor;
				CODE_SIGN_STYLE = Automatic;
				INFOPLIST_FILE = loginPage/Info.plist;
				LD_RUNPATH_SEARCH_PATHS = (
					"$(inherited)",
					"@executable_path/Frameworks",
				);
				PRODUCT_BUNDLE_IDENTIFIER = "mhmd-jimzawi.loginPage";
				PRODUCT_NAME = "$(TARGET_NAME)";
				SWIFT_VERSION = 5.0;
				TARGETED_DEVICE_FAMILY = "1,2";
			};
			name = Debug;
		};
		1A17A1CB2896475E00DAB919 /* Release */ = {
			isa = XCBuildConfiguration;
			baseConfigurationReference = 590FD59B14944C31C2C4ACDD /* Pods-loginPage.release.xcconfig */;
			buildSettings = {
				ASSETCATALOG_COMPILER_APPICON_NAME = clothes;
				ASSETCATALOG_COMPILER_GLOBAL_ACCENT_COLOR_NAME = AccentColor;
				CODE_SIGN_STYLE = Automatic;
				INFOPLIST_FILE = loginPage/Info.plist;
				LD_RUNPATH_SEARCH_PATHS = (
					"$(inherited)",
					"@executable_path/Frameworks",
				);
				PRODUCT_BUNDLE_IDENTIFIER = "mhmd-jimzawi.loginPage";
				PRODUCT_NAME = "$(TARGET_NAME)";
				SWIFT_VERSION = 5.0;
				TARGETED_DEVICE_FAMILY = "1,2";
			};
			name = Release;
		};
/* End XCBuildConfiguration section */

/* Begin XCConfigurationList section */
		1A17A1B02896475100DAB919 /* Build configuration list for PBXProject "loginPage" */ = {
			isa = XCConfigurationList;
			buildConfigurations = (
				1A17A1C72896475E00DAB919 /* Debug */,
				1A17A1C82896475E00DAB919 /* Release */,
			);
			defaultConfigurationIsVisible = 0;
			defaultConfigurationName = Release;
		};
		1A17A1C92896475E00DAB919 /* Build configuration list for PBXNativeTarget "loginPage" */ = {
			isa = XCConfigurationList;
			buildConfigurations = (
				1A17A1CA2896475E00DAB919 /* Debug */,
				1A17A1CB2896475E00DAB919 /* Release */,
			);
			defaultConfigurationIsVisible = 0;
			defaultConfigurationName = Release;
		};
/* End XCConfigurationList section */
	};
	rootObject = 1A17A1AD2896475100DAB919 /* Project object */;
}
